<?xml version="1.0" encoding="UTF-8"?>
<CodeBlocks_project_file>
	<FileVersion major="1" minor="6"/>
	<Project>
		<Option title="03_cloud_registration"/>
		<Option makefile_is_custom="1"/>
		<Option compiler="gcc"/>
		<Option virtualFolders="CMake Files\;CMake Files\..\;CMake Files\..\..\;CMake Files\..\..\..\;CMake Files\..\..\..\..\;CMake Files\..\..\..\..\..\;CMake Files\..\..\..\..\..\..\;CMake Files\..\..\..\..\..\..\usr\;CMake Files\..\..\..\..\..\..\usr\local\;CMake Files\..\..\..\..\..\..\usr\local\lib\;CMake Files\..\..\..\..\..\..\usr\local\lib\cmake\;CMake Files\..\..\..\..\..\..\usr\local\lib\cmake\opencv4\;CMake Files\..\..\..\..\..\..\usr\share\;CMake Files\..\..\..\..\..\..\usr\share\eigen3\;CMake Files\..\..\..\..\..\..\usr\share\eigen3\cmake\;"/>
		<Build>
			<Target title="all">
				<Option working_dir="/home/daniel/source/repos/3dSensing/03_cloud_registration"/>
				<Option type="4"/>
				<MakeCommands>
					<Build command="/usr/bin/gmake -f &quot;/home/daniel/source/repos/3dSensing/03_cloud_registration/Makefile&quot;  VERBOSE=1 all"/>
					<CompileFile command="/usr/bin/gmake -f &quot;/home/daniel/source/repos/3dSensing/03_cloud_registration/Makefile&quot;  VERBOSE=1 &quot;$file&quot;"/>
					<Clean command="/usr/bin/gmake -f &quot;/home/daniel/source/repos/3dSensing/03_cloud_registration/Makefile&quot;  VERBOSE=1 clean"/>
					<DistClean command="/usr/bin/gmake -f &quot;/home/daniel/source/repos/3dSensing/03_cloud_registration/Makefile&quot;  VERBOSE=1 clean"/>
				</MakeCommands>
			</Target>
			<Target title="main">
				<Option output="/home/daniel/source/repos/3dSensing/03_cloud_registration/main" prefix_auto="0" extension_auto="0"/>
				<Option working_dir="/home/daniel/source/repos/3dSensing/03_cloud_registration"/>
				<Option object_output="./"/>
				<Option type="1"/>
				<Option compiler="gcc"/>
				<Compiler>
					<Add directory="/usr/local/include/opencv4"/>
					<Add directory="/usr/include/eigen3"/>
				</Compiler>
				<MakeCommands>
					<Build command="/usr/bin/gmake -f &quot;/home/daniel/source/repos/3dSensing/03_cloud_registration/Makefile&quot;  VERBOSE=1 main"/>
					<CompileFile command="/usr/bin/gmake -f &quot;/home/daniel/source/repos/3dSensing/03_cloud_registration/Makefile&quot;  VERBOSE=1 &quot;$file&quot;"/>
					<Clean command="/usr/bin/gmake -f &quot;/home/daniel/source/repos/3dSensing/03_cloud_registration/Makefile&quot;  VERBOSE=1 clean"/>
					<DistClean command="/usr/bin/gmake -f &quot;/home/daniel/source/repos/3dSensing/03_cloud_registration/Makefile&quot;  VERBOSE=1 clean"/>
				</MakeCommands>
			</Target>
			<Target title="main/fast">
				<Option output="/home/daniel/source/repos/3dSensing/03_cloud_registration/main" prefix_auto="0" extension_auto="0"/>
				<Option working_dir="/home/daniel/source/repos/3dSensing/03_cloud_registration"/>
				<Option object_output="./"/>
				<Option type="1"/>
				<Option compiler="gcc"/>
				<Compiler>
					<Add directory="/usr/local/include/opencv4"/>
					<Add directory="/usr/include/eigen3"/>
				</Compiler>
				<MakeCommands>
					<Build command="/usr/bin/gmake -f &quot;/home/daniel/source/repos/3dSensing/03_cloud_registration/Makefile&quot;  VERBOSE=1 main/fast"/>
					<CompileFile command="/usr/bin/gmake -f &quot;/home/daniel/source/repos/3dSensing/03_cloud_registration/Makefile&quot;  VERBOSE=1 &quot;$file&quot;"/>
					<Clean command="/usr/bin/gmake -f &quot;/home/daniel/source/repos/3dSensing/03_cloud_registration/Makefile&quot;  VERBOSE=1 clean"/>
					<DistClean command="/usr/bin/gmake -f &quot;/home/daniel/source/repos/3dSensing/03_cloud_registration/Makefile&quot;  VERBOSE=1 clean"/>
				</MakeCommands>
			</Target>
			<Target title="edit_cache">
				<Option working_dir="/home/daniel/source/repos/3dSensing/03_cloud_registration"/>
				<Option type="4"/>
				<MakeCommands>
					<Build command="/usr/bin/gmake -f &quot;/home/daniel/source/repos/3dSensing/03_cloud_registration/Makefile&quot;  VERBOSE=1 edit_cache"/>
					<CompileFile command="/usr/bin/gmake -f &quot;/home/daniel/source/repos/3dSensing/03_cloud_registration/Makefile&quot;  VERBOSE=1 &quot;$file&quot;"/>
					<Clean command="/usr/bin/gmake -f &quot;/home/daniel/source/repos/3dSensing/03_cloud_registration/Makefile&quot;  VERBOSE=1 clean"/>
					<DistClean command="/usr/bin/gmake -f &quot;/home/daniel/source/repos/3dSensing/03_cloud_registration/Makefile&quot;  VERBOSE=1 clean"/>
				</MakeCommands>
			</Target>
			<Target title="rebuild_cache">
				<Option working_dir="/home/daniel/source/repos/3dSensing/03_cloud_registration"/>
				<Option type="4"/>
				<MakeCommands>
					<Build command="/usr/bin/gmake -f &quot;/home/daniel/source/repos/3dSensing/03_cloud_registration/Makefile&quot;  VERBOSE=1 rebuild_cache"/>
					<CompileFile command="/usr/bin/gmake -f &quot;/home/daniel/source/repos/3dSensing/03_cloud_registration/Makefile&quot;  VERBOSE=1 &quot;$file&quot;"/>
					<Clean command="/usr/bin/gmake -f &quot;/home/daniel/source/repos/3dSensing/03_cloud_registration/Makefile&quot;  VERBOSE=1 clean"/>
					<DistClean command="/usr/bin/gmake -f &quot;/home/daniel/source/repos/3dSensing/03_cloud_registration/Makefile&quot;  VERBOSE=1 clean"/>
				</MakeCommands>
			</Target>
		</Build>
		<Unit filename="/home/daniel/source/repos/3dSensing/03_cloud_registration/happly.h">
			<Option target="main"/>
		</Unit>
		<Unit filename="/home/daniel/source/repos/3dSensing/03_cloud_registration/main.cpp">
			<Option target="main"/>
		</Unit>
		<Unit filename="/home/daniel/source/repos/3dSensing/03_cloud_registration/main.h">
			<Option target="main"/>
		</Unit>
		<Unit filename="/home/daniel/source/repos/3dSensing/03_cloud_registration/nanoflann.hpp">
			<Option target="main"/>
		</Unit>
		<Unit filename="/home/daniel/source/repos/3dSensing/03_cloud_registration/suppl.cpp">
			<Option target="main"/>
		</Unit>
		<Unit filename="/home/daniel/source/repos/3dSensing/03_cloud_registration/suppl.h">
			<Option target="main"/>
		</Unit>
		<Unit filename="/home/daniel/source/repos/3dSensing/03_cloud_registration/CMakeLists.txt">
			<Option virtualFolder="CMake Files\"/>
		</Unit>
		<Unit filename="/home/daniel/source/repos/3dSensing/03_cloud_registration/../../../../../../usr/local/lib/cmake/opencv4/OpenCVConfig-version.cmake">
			<Option virtualFolder="CMake Files\..\..\..\..\..\..\usr\local\lib\cmake\opencv4\"/>
		</Unit>
		<Unit filename="/home/daniel/source/repos/3dSensing/03_cloud_registration/../../../../../../usr/local/lib/cmake/opencv4/OpenCVConfig.cmake">
			<Option virtualFolder="CMake Files\..\..\..\..\..\..\usr\local\lib\cmake\opencv4\"/>
		</Unit>
		<Unit filename="/home/daniel/source/repos/3dSensing/03_cloud_registration/../../../../../../usr/local/lib/cmake/opencv4/OpenCVModules-release.cmake">
			<Option virtualFolder="CMake Files\..\..\..\..\..\..\usr\local\lib\cmake\opencv4\"/>
		</Unit>
		<Unit filename="/home/daniel/source/repos/3dSensing/03_cloud_registration/../../../../../../usr/local/lib/cmake/opencv4/OpenCVModules.cmake">
			<Option virtualFolder="CMake Files\..\..\..\..\..\..\usr\local\lib\cmake\opencv4\"/>
		</Unit>
		<Unit filename="/home/daniel/source/repos/3dSensing/03_cloud_registration/../../../../../../usr/share/eigen3/cmake/Eigen3Config.cmake">
			<Option virtualFolder="CMake Files\..\..\..\..\..\..\usr\share\eigen3\cmake\"/>
		</Unit>
		<Unit filename="/home/daniel/source/repos/3dSensing/03_cloud_registration/../../../../../../usr/share/eigen3/cmake/Eigen3ConfigVersion.cmake">
			<Option virtualFolder="CMake Files\..\..\..\..\..\..\usr\share\eigen3\cmake\"/>
		</Unit>
		<Unit filename="/home/daniel/source/repos/3dSensing/03_cloud_registration/../../../../../../usr/share/eigen3/cmake/Eigen3Targets.cmake">
			<Option virtualFolder="CMake Files\..\..\..\..\..\..\usr\share\eigen3\cmake\"/>
		</Unit>
	</Project>
</CodeBlocks_project_file>
